Microsoft Visual Studio Solution File, Format Version 11.00
# Visual Studio 2008

Project("{2BD09739-D0C5-4F37-6722-9BEE4018708E}") = "grabby", "Assembly-CSharp-firstpass.csproj", "{7D39E6EF-4DE4-CF7B-9A49-F3B814AA73E7}"
EndProject
Project("{2BD09739-D0C5-4F37-6722-9BEE4018708E}") = "grabby", "Assembly-CSharp.csproj", "{D73BF994-58AF-DFF1-DBCA-63F85B13E76E}"
EndProject
Project("{2BD09739-D0C5-4F37-6722-9BEE4018708E}") = "grabby", "Assembly-UnityScript-firstpass.unityproj", "{0270CBAE-92AE-A350-5B18-31E0EDC2437A}"
EndProject
Global
	GlobalSection(SolutionConfigurationPlatforms) = preSolution
		Debug|Any CPU = Debug|Any CPU
		Release|Any CPU = Release|Any CPU
	EndGlobalSection
	GlobalSection(ProjectConfigurationPlatforms) = postSolution
		{7D39E6EF-4DE4-CF7B-9A49-F3B814AA73E7}.Debug|Any CPU.ActiveCfg = Debug|Any CPU
		{7D39E6EF-4DE4-CF7B-9A49-F3B814AA73E7}.Debug|Any CPU.Build.0 = Debug|Any CPU
		{7D39E6EF-4DE4-CF7B-9A49-F3B814AA73E7}.Release|Any CPU.ActiveCfg = Release|Any CPU
		{7D39E6EF-4DE4-CF7B-9A49-F3B814AA73E7}.Release|Any CPU.Build.0 = Release|Any CPU
		{D73BF994-58AF-DFF1-DBCA-63F85B13E76E}.Debug|Any CPU.ActiveCfg = Debug|Any CPU
		{D73BF994-58AF-DFF1-DBCA-63F85B13E76E}.Debug|Any CPU.Build.0 = Debug|Any CPU
		{D73BF994-58AF-DFF1-DBCA-63F85B13E76E}.Release|Any CPU.ActiveCfg = Release|Any CPU
		{D73BF994-58AF-DFF1-DBCA-63F85B13E76E}.Release|Any CPU.Build.0 = Release|Any CPU
		{0270CBAE-92AE-A350-5B18-31E0EDC2437A}.Debug|Any CPU.ActiveCfg = Debug|Any CPU
		{0270CBAE-92AE-A350-5B18-31E0EDC2437A}.Debug|Any CPU.Build.0 = Debug|Any CPU
		{0270CBAE-92AE-A350-5B18-31E0EDC2437A}.Release|Any CPU.ActiveCfg = Release|Any CPU
		{0270CBAE-92AE-A350-5B18-31E0EDC2437A}.Release|Any CPU.Build.0 = Release|Any CPU
	EndGlobalSection
	GlobalSection(SolutionProperties) = preSolution
		HideSolutionNode = FALSE
	EndGlobalSection
		GlobalSection(MonoDevelopProperties) = preSolution
		StartupItem = Assembly-CSharp.csproj
		Policies = $0
		$0.TextStylePolicy = $1
		$1.inheritsSet = null
		$1.scope = text/x-csharp
		$0.CSharpFormattingPolicy = $2
		$2.inheritsSet = Mono
		$2.inheritsScope = text/x-csharp
		$2.scope = text/x-csharp
		$0.TextStylePolicy = $3
		$3.FileWidth = 120
		$3.TabWidth = 4
		$3.EolMarker = Unix
		$3.inheritsSet = Mono
		$3.inheritsScope = text/plain
		$3.scope = text/plain
	EndGlobalSection

EndGlobal
